
Microsoft Visual Studio Solution File, Format Version 12.00
# Visual Studio 14
VisualStudioVersion = 14.0.25420.1
MinimumVisualStudioVersion = 10.0.40219.1
Project("{2150E333-8FDC-42A3-9474-1A3956D46DE8}") = "src", "src", "{B7B95706-43F7-43F9-A7EA-59C07B27D655}"
EndProject
Project("{2150E333-8FDC-42A3-9474-1A3956D46DE8}") = "Solution Items", "Solution Items", "{1998089F-4AB0-4758-99E0-BC12293438CA}"
	ProjectSection(SolutionItems) = preProject
		global.json = global.json
		src\stylecop.json = src\stylecop.json
	EndProjectSection
EndProject
Project("{8BB2217D-0F2D-49D1-97BC-3654ED321F3B}") = "Core.UnitTests", "test\Core.UnitTests\Core.UnitTests.xproj", "{3553155B-C62B-4687-972E-453FCF43F09B}"
EndProject
Project("{2150E333-8FDC-42A3-9474-1A3956D46DE8}") = "test", "test", "{4AC83345-188A-4923-8909-57700B269054}"
EndProject
Project("{8BB2217D-0F2D-49D1-97BC-3654ED321F3B}") = "Crest.Core", "src\Crest.Core\Crest.Core.xproj", "{45198037-12DE-4A75-B1C6-106BE2769115}"
EndProject
Global
	GlobalSection(SolutionConfigurationPlatforms) = preSolution
		Debug|Any CPU = Debug|Any CPU
		Release|Any CPU = Release|Any CPU
	EndGlobalSection
	GlobalSection(ProjectConfigurationPlatforms) = postSolution
		{3553155B-C62B-4687-972E-453FCF43F09B}.Debug|Any CPU.ActiveCfg = Debug|Any CPU
		{3553155B-C62B-4687-972E-453FCF43F09B}.Debug|Any CPU.Build.0 = Debug|Any CPU
		{3553155B-C62B-4687-972E-453FCF43F09B}.Release|Any CPU.ActiveCfg = Release|Any CPU
		{3553155B-C62B-4687-972E-453FCF43F09B}.Release|Any CPU.Build.0 = Release|Any CPU
		{45198037-12DE-4A75-B1C6-106BE2769115}.Debug|Any CPU.ActiveCfg = Debug|Any CPU
		{45198037-12DE-4A75-B1C6-106BE2769115}.Debug|Any CPU.Build.0 = Debug|Any CPU
		{45198037-12DE-4A75-B1C6-106BE2769115}.Release|Any CPU.ActiveCfg = Release|Any CPU
		{45198037-12DE-4A75-B1C6-106BE2769115}.Release|Any CPU.Build.0 = Release|Any CPU
	EndGlobalSection
	GlobalSection(SolutionProperties) = preSolution
		HideSolutionNode = FALSE
	EndGlobalSection
	GlobalSection(NestedProjects) = preSolution
		{3553155B-C62B-4687-972E-453FCF43F09B} = {4AC83345-188A-4923-8909-57700B269054}
		{45198037-12DE-4A75-B1C6-106BE2769115} = {B7B95706-43F7-43F9-A7EA-59C07B27D655}
	EndGlobalSection
EndGlobal
