
Microsoft Visual Studio Solution File, Format Version 12.00
# Visual Studio 15
VisualStudioVersion = 15.0.26430.12
MinimumVisualStudioVersion = 10.0.40219.1
Project("{9A19103F-16F7-4668-BE54-9A1E7A4F7556}") = "Crest.OpenApi.Generator", "Crest.OpenApi.Generator\Crest.OpenApi.Generator.csproj", "{00900894-01B4-418B-BDCB-8325F29F9BA5}"
EndProject
Project("{9A19103F-16F7-4668-BE54-9A1E7A4F7556}") = "Crest.Core", "..\src\Crest.Core\Crest.Core.csproj", "{CEA16F04-F6AC-4055-9E25-A6FFFF397108}"
EndProject
Project("{9A19103F-16F7-4668-BE54-9A1E7A4F7556}") = "OpenApi.UnitTests", "OpenApi.Generator.UnitTests\OpenApi.Generator.UnitTests.csproj", "{FF8F59F7-2DFF-4A2E-A62B-FD09806DDA6C}"
EndProject
Global
	GlobalSection(SolutionConfigurationPlatforms) = preSolution
		Debug|Any CPU = Debug|Any CPU
		Release|Any CPU = Release|Any CPU
	EndGlobalSection
	GlobalSection(ProjectConfigurationPlatforms) = postSolution
		{00900894-01B4-418B-BDCB-8325F29F9BA5}.Debug|Any CPU.ActiveCfg = Debug|Any CPU
		{00900894-01B4-418B-BDCB-8325F29F9BA5}.Debug|Any CPU.Build.0 = Debug|Any CPU
		{00900894-01B4-418B-BDCB-8325F29F9BA5}.Release|Any CPU.ActiveCfg = Release|Any CPU
		{00900894-01B4-418B-BDCB-8325F29F9BA5}.Release|Any CPU.Build.0 = Release|Any CPU
		{CEA16F04-F6AC-4055-9E25-A6FFFF397108}.Debug|Any CPU.ActiveCfg = Debug|Any CPU
		{CEA16F04-F6AC-4055-9E25-A6FFFF397108}.Debug|Any CPU.Build.0 = Debug|Any CPU
		{CEA16F04-F6AC-4055-9E25-A6FFFF397108}.Release|Any CPU.ActiveCfg = Release|Any CPU
		{CEA16F04-F6AC-4055-9E25-A6FFFF397108}.Release|Any CPU.Build.0 = Release|Any CPU
		{FF8F59F7-2DFF-4A2E-A62B-FD09806DDA6C}.Debug|Any CPU.ActiveCfg = Debug|Any CPU
		{FF8F59F7-2DFF-4A2E-A62B-FD09806DDA6C}.Debug|Any CPU.Build.0 = Debug|Any CPU
		{FF8F59F7-2DFF-4A2E-A62B-FD09806DDA6C}.Release|Any CPU.ActiveCfg = Release|Any CPU
		{FF8F59F7-2DFF-4A2E-A62B-FD09806DDA6C}.Release|Any CPU.Build.0 = Release|Any CPU
	EndGlobalSection
	GlobalSection(SolutionProperties) = preSolution
		HideSolutionNode = FALSE
	EndGlobalSection
EndGlobal
